// !$*UTF8*$!
{
	archiveVersion = 1;
	classes = {
	};
	objectVersion = 55;
	objects = {

/* Begin PBXBuildFile section */
		CC27C1502A3887E600AF020E /* ParallelPriorityLoader.swift in Sources */ = {isa = PBXBuildFile; fileRef = CC27C14D2A3887E600AF020E /* ParallelPriorityLoader.swift */; };
		CC27C1512A3887E600AF020E /* PriorityLoadingItem.swift in Sources */ = {isa = PBXBuildFile; fileRef = CC27C14E2A3887E600AF020E /* PriorityLoadingItem.swift */; };
		CC27C1522A3887E600AF020E /* ParallelPriority.swift in Sources */ = {isa = PBXBuildFile; fileRef = CC27C14F2A3887E600AF020E /* ParallelPriority.swift */; };
		CC27C1542A38880A00AF020E /* ParallelPriorityLoaderTests.swift in Sources */ = {isa = PBXBuildFile; fileRef = CC27C1532A38880A00AF020E /* ParallelPriorityLoaderTests.swift */; };
		CC4771472A28BAA2005AAE39 /* PaginatorTests.swift in Sources */ = {isa = PBXBuildFile; fileRef = CC4771462A28BAA2005AAE39 /* PaginatorTests.swift */; };
		CC5CB3C92A2E0C4B00DCE080 /* Paginator.swift in Sources */ = {isa = PBXBuildFile; fileRef = CC5CB3C82A2E0C4B00DCE080 /* Paginator.swift */; };
		CC5CB3CB2A2E108700DCE080 /* Paginator.swift in Sources */ = {isa = PBXBuildFile; fileRef = CC5CB3CA2A2E108700DCE080 /* Paginator.swift */; };
		CC7141792A2721A3005DBA5F /* Command.swift in Sources */ = {isa = PBXBuildFile; fileRef = CC7141782A2721A3005DBA5F /* Command.swift */; };
		CC71417B2A2723C1005DBA5F /* CommandTests.swift in Sources */ = {isa = PBXBuildFile; fileRef = CC71417A2A2723C1005DBA5F /* CommandTests.swift */; };
		CC7431DB2A07B7A9004E0175 /* Converter.swift in Sources */ = {isa = PBXBuildFile; fileRef = CC7431DA2A07B7A9004E0175 /* Converter.swift */; };
		CC7431E12A07C77B004E0175 /* InMemoryStorageTests.swift in Sources */ = {isa = PBXBuildFile; fileRef = CC7431E02A07C77B004E0175 /* InMemoryStorageTests.swift */; };
		CC7431E32A07CA6B004E0175 /* InMemoryStorage.swift in Sources */ = {isa = PBXBuildFile; fileRef = CC7431E22A07CA6B004E0175 /* InMemoryStorage.swift */; };
		CC7431E52A07CD88004E0175 /* StoringQueryTests.swift in Sources */ = {isa = PBXBuildFile; fileRef = CC7431E42A07CD88004E0175 /* StoringQueryTests.swift */; };
		CC7431EB2A07E22F004E0175 /* XCTestCase+Extensions.swift in Sources */ = {isa = PBXBuildFile; fileRef = CC7431EA2A07E22F004E0175 /* XCTestCase+Extensions.swift */; };
		CC7431ED2A07E2AB004E0175 /* NSError+Extensions.swift in Sources */ = {isa = PBXBuildFile; fileRef = CC7431EC2A07E2AB004E0175 /* NSError+Extensions.swift */; };
		CC7431EF2A07E37B004E0175 /* FallbackTests.swift in Sources */ = {isa = PBXBuildFile; fileRef = CC7431EE2A07E37B004E0175 /* FallbackTests.swift */; };
		CC7431F12A07E4A8004E0175 /* StoringQuery.swift in Sources */ = {isa = PBXBuildFile; fileRef = CC7431F02A07E4A8004E0175 /* StoringQuery.swift */; };
		CC7431F32A07EDF4004E0175 /* Fallback.swift in Sources */ = {isa = PBXBuildFile; fileRef = CC7431F22A07EDF4004E0175 /* Fallback.swift */; };
		CC7431F52A08D9CA004E0175 /* ExpirableCacheTests.swift in Sources */ = {isa = PBXBuildFile; fileRef = CC7431F42A08D9CA004E0175 /* ExpirableCacheTests.swift */; };
		CC7431F72A08E476004E0175 /* TimestampValidationPolicy.swift in Sources */ = {isa = PBXBuildFile; fileRef = CC7431F62A08E476004E0175 /* TimestampValidationPolicy.swift */; };
		CC7431F92A08E4A1004E0175 /* ExpiringCache.swift in Sources */ = {isa = PBXBuildFile; fileRef = CC7431F82A08E4A1004E0175 /* ExpiringCache.swift */; };
		CC7431FB2A09224B004E0175 /* Storage.swift in Sources */ = {isa = PBXBuildFile; fileRef = CC7431FA2A09224B004E0175 /* Storage.swift */; };
		CC86FB202A07A40300416227 /* bricks.docc in Sources */ = {isa = PBXBuildFile; fileRef = CC86FB1F2A07A40300416227 /* bricks.docc */; };
		CC86FB262A07A40300416227 /* bricks.framework in Frameworks */ = {isa = PBXBuildFile; fileRef = CC86FB1B2A07A40300416227 /* bricks.framework */; };
		CC86FB2B2A07A40300416227 /* ConverterTests.swift in Sources */ = {isa = PBXBuildFile; fileRef = CC86FB2A2A07A40300416227 /* ConverterTests.swift */; };
		CC86FB2C2A07A40300416227 /* bricks.h in Headers */ = {isa = PBXBuildFile; fileRef = CC86FB1E2A07A40300416227 /* bricks.h */; settings = {ATTRIBUTES = (Public, ); }; };
		CC86FB382A07A49A00416227 /* Query.swift in Sources */ = {isa = PBXBuildFile; fileRef = CC86FB372A07A49A00416227 /* Query.swift */; };
		CC93E1E62A1253FB00003525 /* Synchronizer.swift in Sources */ = {isa = PBXBuildFile; fileRef = CC93E1E52A1253FB00003525 /* Synchronizer.swift */; };
		CCEFA6C92A0A3B8A00EC7BFA /* SynchronousStorageAdapter.swift in Sources */ = {isa = PBXBuildFile; fileRef = CCEFA6C82A0A3B8A00EC7BFA /* SynchronousStorageAdapter.swift */; };
		CCEFA6CB2A0A466700EC7BFA /* SynchronousStorageAdapter.swift in Sources */ = {isa = PBXBuildFile; fileRef = CCEFA6CA2A0A466700EC7BFA /* SynchronousStorageAdapter.swift */; };
		CCEFA6CE2A0A48C000EC7BFA /* CompositionHelpersTests.swift in Sources */ = {isa = PBXBuildFile; fileRef = CCEFA6CD2A0A48C000EC7BFA /* CompositionHelpersTests.swift */; };
		CCEFA6DB2A0DF0BA00EC7BFA /* Examples.swift in Sources */ = {isa = PBXBuildFile; fileRef = CCEFA6DA2A0DF0BA00EC7BFA /* Examples.swift */; };
		CCEFA6DD2A0DF32A00EC7BFA /* SecondChance.swift in Sources */ = {isa = PBXBuildFile; fileRef = CCEFA6DC2A0DF32A00EC7BFA /* SecondChance.swift */; };
		CCEFA6DF2A0DF62700EC7BFA /* SecondChanceTests.swift in Sources */ = {isa = PBXBuildFile; fileRef = CCEFA6DE2A0DF62700EC7BFA /* SecondChanceTests.swift */; };
		CCEFA6E42A0E478100EC7BFA /* NotifyingQueryTests.swift in Sources */ = {isa = PBXBuildFile; fileRef = CCEFA6E32A0E478100EC7BFA /* NotifyingQueryTests.swift */; };
		CCEFA6EA2A0E5CD300EC7BFA /* NotifyingQuery.swift in Sources */ = {isa = PBXBuildFile; fileRef = CCEFA6E92A0E5CD300EC7BFA /* NotifyingQuery.swift */; };
		CCEFA6EC2A0E68CD00EC7BFA /* SynchronizerTests.swift in Sources */ = {isa = PBXBuildFile; fileRef = CCEFA6EB2A0E68CD00EC7BFA /* SynchronizerTests.swift */; };
		CCFD06042A19F2100069B7A2 /* FailableQuery.swift in Sources */ = {isa = PBXBuildFile; fileRef = CCFD06032A19F2100069B7A2 /* FailableQuery.swift */; };
		CCFD06062A19F24D0069B7A2 /* AnyQuery.swift in Sources */ = {isa = PBXBuildFile; fileRef = CCFD06052A19F24D0069B7A2 /* AnyQuery.swift */; };
		CCFD06082A19F95E0069B7A2 /* AnyFailableQuery.swift in Sources */ = {isa = PBXBuildFile; fileRef = CCFD06072A19F95E0069B7A2 /* AnyFailableQuery.swift */; };
		CCFD06122A1A14200069B7A2 /* DemultiplyerTests.swift in Sources */ = {isa = PBXBuildFile; fileRef = CCFD06112A1A14200069B7A2 /* DemultiplyerTests.swift */; };
		CCFD06C72A21D20F0069B7A2 /* DemultiplyingQuery.swift in Sources */ = {isa = PBXBuildFile; fileRef = CCFD06C62A21D20F0069B7A2 /* DemultiplyingQuery.swift */; };
/* End PBXBuildFile section */

/* Begin PBXContainerItemProxy section */
		CC86FB272A07A40300416227 /* PBXContainerItemProxy */ = {
			isa = PBXContainerItemProxy;
			containerPortal = CC86FB122A07A40300416227 /* Project object */;
			proxyType = 1;
			remoteGlobalIDString = CC86FB1A2A07A40300416227;
			remoteInfo = bricks;
		};
/* End PBXContainerItemProxy section */

/* Begin PBXFileReference section */
		CC27C14D2A3887E600AF020E /* ParallelPriorityLoader.swift */ = {isa = PBXFileReference; fileEncoding = 4; lastKnownFileType = sourcecode.swift; path = ParallelPriorityLoader.swift; sourceTree = "<group>"; };
		CC27C14E2A3887E600AF020E /* PriorityLoadingItem.swift */ = {isa = PBXFileReference; fileEncoding = 4; lastKnownFileType = sourcecode.swift; path = PriorityLoadingItem.swift; sourceTree = "<group>"; };
		CC27C14F2A3887E600AF020E /* ParallelPriority.swift */ = {isa = PBXFileReference; fileEncoding = 4; lastKnownFileType = sourcecode.swift; path = ParallelPriority.swift; sourceTree = "<group>"; };
		CC27C1532A38880A00AF020E /* ParallelPriorityLoaderTests.swift */ = {isa = PBXFileReference; fileEncoding = 4; lastKnownFileType = sourcecode.swift; path = ParallelPriorityLoaderTests.swift; sourceTree = "<group>"; };
		CC4771462A28BAA2005AAE39 /* PaginatorTests.swift */ = {isa = PBXFileReference; lastKnownFileType = sourcecode.swift; path = PaginatorTests.swift; sourceTree = "<group>"; };
		CC56EACF2F17B3730044956B /* README.md */ = {isa = PBXFileReference; lastKnownFileType = net.daringfireball.markdown; path = README.md; sourceTree = "<group>"; };
		CC5CB3C82A2E0C4B00DCE080 /* Paginator.swift */ = {isa = PBXFileReference; lastKnownFileType = sourcecode.swift; path = Paginator.swift; sourceTree = "<group>"; };
		CC5CB3CA2A2E108700DCE080 /* Paginator.swift */ = {isa = PBXFileReference; lastKnownFileType = sourcecode.swift; path = Paginator.swift; sourceTree = "<group>"; };
		CC7141782A2721A3005DBA5F /* Command.swift */ = {isa = PBXFileReference; lastKnownFileType = sourcecode.swift; path = Command.swift; sourceTree = "<group>"; };
		CC71417A2A2723C1005DBA5F /* CommandTests.swift */ = {isa = PBXFileReference; lastKnownFileType = sourcecode.swift; path = CommandTests.swift; sourceTree = "<group>"; };
		CC7431D92A07B568004E0175 /* bricks.xctestplan */ = {isa = PBXFileReference; lastKnownFileType = text; name = bricks.xctestplan; path = bricks.xcodeproj/bricks.xctestplan; sourceTree = "<group>"; };
		CC7431DA2A07B7A9004E0175 /* Converter.swift */ = {isa = PBXFileReference; lastKnownFileType = sourcecode.swift; path = Converter.swift; sourceTree = "<group>"; };
		CC7431E02A07C77B004E0175 /* InMemoryStorageTests.swift */ = {isa = PBXFileReference; lastKnownFileType = sourcecode.swift; path = InMemoryStorageTests.swift; sourceTree = "<group>"; };
		CC7431E22A07CA6B004E0175 /* InMemoryStorage.swift */ = {isa = PBXFileReference; lastKnownFileType = sourcecode.swift; path = InMemoryStorage.swift; sourceTree = "<group>"; };
		CC7431E42A07CD88004E0175 /* StoringQueryTests.swift */ = {isa = PBXFileReference; lastKnownFileType = sourcecode.swift; path = StoringQueryTests.swift; sourceTree = "<group>"; };
		CC7431EA2A07E22F004E0175 /* XCTestCase+Extensions.swift */ = {isa = PBXFileReference; lastKnownFileType = sourcecode.swift; path = "XCTestCase+Extensions.swift"; sourceTree = "<group>"; };
		CC7431EC2A07E2AB004E0175 /* NSError+Extensions.swift */ = {isa = PBXFileReference; lastKnownFileType = sourcecode.swift; path = "NSError+Extensions.swift"; sourceTree = "<group>"; };
		CC7431EE2A07E37B004E0175 /* FallbackTests.swift */ = {isa = PBXFileReference; lastKnownFileType = sourcecode.swift; path = FallbackTests.swift; sourceTree = "<group>"; };
		CC7431F02A07E4A8004E0175 /* StoringQuery.swift */ = {isa = PBXFileReference; lastKnownFileType = sourcecode.swift; path = StoringQuery.swift; sourceTree = "<group>"; };
		CC7431F22A07EDF4004E0175 /* Fallback.swift */ = {isa = PBXFileReference; lastKnownFileType = sourcecode.swift; path = Fallback.swift; sourceTree = "<group>"; };
		CC7431F42A08D9CA004E0175 /* ExpirableCacheTests.swift */ = {isa = PBXFileReference; lastKnownFileType = sourcecode.swift; path = ExpirableCacheTests.swift; sourceTree = "<group>"; };
		CC7431F62A08E476004E0175 /* TimestampValidationPolicy.swift */ = {isa = PBXFileReference; lastKnownFileType = sourcecode.swift; path = TimestampValidationPolicy.swift; sourceTree = "<group>"; };
		CC7431F82A08E4A1004E0175 /* ExpiringCache.swift */ = {isa = PBXFileReference; lastKnownFileType = sourcecode.swift; path = ExpiringCache.swift; sourceTree = "<group>"; };
		CC7431FA2A09224B004E0175 /* Storage.swift */ = {isa = PBXFileReference; lastKnownFileType = sourcecode.swift; path = Storage.swift; sourceTree = "<group>"; };
		CC86FB1B2A07A40300416227 /* bricks.framework */ = {isa = PBXFileReference; explicitFileType = wrapper.framework; includeInIndex = 0; path = bricks.framework; sourceTree = BUILT_PRODUCTS_DIR; };
		CC86FB1E2A07A40300416227 /* bricks.h */ = {isa = PBXFileReference; lastKnownFileType = sourcecode.c.h; path = bricks.h; sourceTree = "<group>"; };
		CC86FB1F2A07A40300416227 /* bricks.docc */ = {isa = PBXFileReference; lastKnownFileType = folder.documentationcatalog; path = bricks.docc; sourceTree = "<group>"; };
		CC86FB252A07A40300416227 /* bricksTests.xctest */ = {isa = PBXFileReference; explicitFileType = wrapper.cfbundle; includeInIndex = 0; path = bricksTests.xctest; sourceTree = BUILT_PRODUCTS_DIR; };
		CC86FB2A2A07A40300416227 /* ConverterTests.swift */ = {isa = PBXFileReference; lastKnownFileType = sourcecode.swift; path = ConverterTests.swift; sourceTree = "<group>"; };
		CC86FB372A07A49A00416227 /* Query.swift */ = {isa = PBXFileReference; lastKnownFileType = sourcecode.swift; path = Query.swift; sourceTree = "<group>"; };
		CC93E1E52A1253FB00003525 /* Synchronizer.swift */ = {isa = PBXFileReference; lastKnownFileType = sourcecode.swift; path = Synchronizer.swift; sourceTree = "<group>"; };
		CC97021B2A417BA000918FC0 /* Bricks.podspec */ = {isa = PBXFileReference; lastKnownFileType = text; path = Bricks.podspec; sourceTree = "<group>"; };
		CCEFA6C82A0A3B8A00EC7BFA /* SynchronousStorageAdapter.swift */ = {isa = PBXFileReference; lastKnownFileType = sourcecode.swift; path = SynchronousStorageAdapter.swift; sourceTree = "<group>"; };
		CCEFA6CA2A0A466700EC7BFA /* SynchronousStorageAdapter.swift */ = {isa = PBXFileReference; lastKnownFileType = sourcecode.swift; path = SynchronousStorageAdapter.swift; sourceTree = "<group>"; };
		CCEFA6CD2A0A48C000EC7BFA /* CompositionHelpersTests.swift */ = {isa = PBXFileReference; lastKnownFileType = sourcecode.swift; path = CompositionHelpersTests.swift; sourceTree = "<group>"; };
		CCEFA6DA2A0DF0BA00EC7BFA /* Examples.swift */ = {isa = PBXFileReference; lastKnownFileType = sourcecode.swift; path = Examples.swift; sourceTree = "<group>"; };
		CCEFA6DC2A0DF32A00EC7BFA /* SecondChance.swift */ = {isa = PBXFileReference; fileEncoding = 4; lastKnownFileType = sourcecode.swift; path = SecondChance.swift; sourceTree = "<group>"; };
		CCEFA6DE2A0DF62700EC7BFA /* SecondChanceTests.swift */ = {isa = PBXFileReference; fileEncoding = 4; lastKnownFileType = sourcecode.swift; path = SecondChanceTests.swift; sourceTree = "<group>"; };
		CCEFA6E32A0E478100EC7BFA /* NotifyingQueryTests.swift */ = {isa = PBXFileReference; lastKnownFileType = sourcecode.swift; path = NotifyingQueryTests.swift; sourceTree = "<group>"; };
		CCEFA6E92A0E5CD300EC7BFA /* NotifyingQuery.swift */ = {isa = PBXFileReference; lastKnownFileType = sourcecode.swift; path = NotifyingQuery.swift; sourceTree = "<group>"; };
		CCEFA6EB2A0E68CD00EC7BFA /* SynchronizerTests.swift */ = {isa = PBXFileReference; lastKnownFileType = sourcecode.swift; path = SynchronizerTests.swift; sourceTree = "<group>"; };
		CCFD06032A19F2100069B7A2 /* FailableQuery.swift */ = {isa = PBXFileReference; lastKnownFileType = sourcecode.swift; path = FailableQuery.swift; sourceTree = "<group>"; };
		CCFD06052A19F24D0069B7A2 /* AnyQuery.swift */ = {isa = PBXFileReference; lastKnownFileType = sourcecode.swift; path = AnyQuery.swift; sourceTree = "<group>"; };
		CCFD06072A19F95E0069B7A2 /* AnyFailableQuery.swift */ = {isa = PBXFileReference; lastKnownFileType = sourcecode.swift; path = AnyFailableQuery.swift; sourceTree = "<group>"; };
		CCFD06112A1A14200069B7A2 /* DemultiplyerTests.swift */ = {isa = PBXFileReference; fileEncoding = 4; lastKnownFileType = sourcecode.swift; path = DemultiplyerTests.swift; sourceTree = "<group>"; };
		CCFD06C62A21D20F0069B7A2 /* DemultiplyingQuery.swift */ = {isa = PBXFileReference; lastKnownFileType = sourcecode.swift; path = DemultiplyingQuery.swift; sourceTree = "<group>"; };
/* End PBXFileReference section */

/* Begin PBXFrameworksBuildPhase section */
		CC86FB182A07A40300416227 /* Frameworks */ = {
			isa = PBXFrameworksBuildPhase;
			buildActionMask = 2147483647;
			files = (
			);
			runOnlyForDeploymentPostprocessing = 0;
		};
		CC86FB222A07A40300416227 /* Frameworks */ = {
			isa = PBXFrameworksBuildPhase;
			buildActionMask = 2147483647;
			files = (
				CC86FB262A07A40300416227 /* bricks.framework in Frameworks */,
			);
			runOnlyForDeploymentPostprocessing = 0;
		};
/* End PBXFrameworksBuildPhase section */

/* Begin PBXGroup section */
		CC7431E92A07E215004E0175 /* Helpers */ = {
			isa = PBXGroup;
			children = (
				CC7431EA2A07E22F004E0175 /* XCTestCase+Extensions.swift */,
				CC7431EC2A07E2AB004E0175 /* NSError+Extensions.swift */,
			);
			path = Helpers;
			sourceTree = "<group>";
		};
		CC86FB112A07A40300416227 = {
			isa = PBXGroup;
			children = (
				CC56EACF2F17B3730044956B /* README.md */,
				CC97021B2A417BA000918FC0 /* Bricks.podspec */,
				CC7431D92A07B568004E0175 /* bricks.xctestplan */,
				CC86FB1D2A07A40300416227 /* bricks */,
				CC86FB292A07A40300416227 /* bricksTests */,
				CC86FB1C2A07A40300416227 /* Products */,
			);
			sourceTree = "<group>";
		};
		CC86FB1C2A07A40300416227 /* Products */ = {
			isa = PBXGroup;
			children = (
				CC86FB1B2A07A40300416227 /* bricks.framework */,
				CC86FB252A07A40300416227 /* bricksTests.xctest */,
			);
			name = Products;
			sourceTree = "<group>";
		};
		CC86FB1D2A07A40300416227 /* bricks */ = {
			isa = PBXGroup;
			children = (
				CC86FB362A07A48D00416227 /* source */,
				CC86FB1E2A07A40300416227 /* bricks.h */,
				CC86FB1F2A07A40300416227 /* bricks.docc */,
			);
			path = bricks;
			sourceTree = "<group>";
		};
		CC86FB292A07A40300416227 /* bricksTests */ = {
			isa = PBXGroup;
			children = (
				CCEFA6CC2A0A489D00EC7BFA /* Examples */,
				CC7431E92A07E215004E0175 /* Helpers */,
				CC86FB2A2A07A40300416227 /* ConverterTests.swift */,
				CC7431E02A07C77B004E0175 /* InMemoryStorageTests.swift */,
				CC7431E42A07CD88004E0175 /* StoringQueryTests.swift */,
				CC7431EE2A07E37B004E0175 /* FallbackTests.swift */,
				CCEFA6DE2A0DF62700EC7BFA /* SecondChanceTests.swift */,
				CC7431F42A08D9CA004E0175 /* ExpirableCacheTests.swift */,
				CCEFA6C82A0A3B8A00EC7BFA /* SynchronousStorageAdapter.swift */,
				CCEFA6CD2A0A48C000EC7BFA /* CompositionHelpersTests.swift */,
				CCEFA6E32A0E478100EC7BFA /* NotifyingQueryTests.swift */,
				CCEFA6EB2A0E68CD00EC7BFA /* SynchronizerTests.swift */,
				CCFD06112A1A14200069B7A2 /* DemultiplyerTests.swift */,
				CC71417A2A2723C1005DBA5F /* CommandTests.swift */,
				CC4771462A28BAA2005AAE39 /* PaginatorTests.swift */,
				CC27C1532A38880A00AF020E /* ParallelPriorityLoaderTests.swift */,
			);
			path = bricksTests;
			sourceTree = "<group>";
		};
		CC86FB362A07A48D00416227 /* source */ = {
			isa = PBXGroup;
			children = (
				CC27C14F2A3887E600AF020E /* ParallelPriority.swift */,
				CC27C14D2A3887E600AF020E /* ParallelPriorityLoader.swift */,
				CC27C14E2A3887E600AF020E /* PriorityLoadingItem.swift */,
				CC86FB372A07A49A00416227 /* Query.swift */,
				CCFD06052A19F24D0069B7A2 /* AnyQuery.swift */,
				CCFD06032A19F2100069B7A2 /* FailableQuery.swift */,
				CCFD06072A19F95E0069B7A2 /* AnyFailableQuery.swift */,
				CC7431DA2A07B7A9004E0175 /* Converter.swift */,
				CC7431E22A07CA6B004E0175 /* InMemoryStorage.swift */,
				CC7431F02A07E4A8004E0175 /* StoringQuery.swift */,
				CC7431F22A07EDF4004E0175 /* Fallback.swift */,
				CCEFA6DC2A0DF32A00EC7BFA /* SecondChance.swift */,
				CC7431F62A08E476004E0175 /* TimestampValidationPolicy.swift */,
				CC7431F82A08E4A1004E0175 /* ExpiringCache.swift */,
				CC7431FA2A09224B004E0175 /* Storage.swift */,
				CCEFA6CA2A0A466700EC7BFA /* SynchronousStorageAdapter.swift */,
				CCEFA6E92A0E5CD300EC7BFA /* NotifyingQuery.swift */,
				CC93E1E52A1253FB00003525 /* Synchronizer.swift */,
				CCFD06C62A21D20F0069B7A2 /* DemultiplyingQuery.swift */,
				CC7141782A2721A3005DBA5F /* Command.swift */,
				CC5CB3CA2A2E108700DCE080 /* Paginator.swift */,
			);
			path = source;
			sourceTree = "<group>";
		};
		CCEFA6CC2A0A489D00EC7BFA /* Examples */ = {
			isa = PBXGroup;
			children = (
				CCEFA6DA2A0DF0BA00EC7BFA /* Examples.swift */,
				CC5CB3C82A2E0C4B00DCE080 /* Paginator.swift */,
			);
			path = Examples;
			sourceTree = "<group>";
		};
/* End PBXGroup section */

/* Begin PBXHeadersBuildPhase section */
		CC86FB162A07A40300416227 /* Headers */ = {
			isa = PBXHeadersBuildPhase;
			buildActionMask = 2147483647;
			files = (
				CC86FB2C2A07A40300416227 /* bricks.h in Headers */,
			);
			runOnlyForDeploymentPostprocessing = 0;
		};
/* End PBXHeadersBuildPhase section */

/* Begin PBXNativeTarget section */
		CC86FB1A2A07A40300416227 /* bricks */ = {
			isa = PBXNativeTarget;
			buildConfigurationList = CC86FB2F2A07A40300416227 /* Build configuration list for PBXNativeTarget "bricks" */;
			buildPhases = (
				CC86FB162A07A40300416227 /* Headers */,
				CC86FB172A07A40300416227 /* Sources */,
				CC86FB182A07A40300416227 /* Frameworks */,
				CC86FB192A07A40300416227 /* Resources */,
			);
			buildRules = (
			);
			dependencies = (
			);
			name = bricks;
			productName = bricks;
			productReference = CC86FB1B2A07A40300416227 /* bricks.framework */;
			productType = "com.apple.product-type.framework";
		};
		CC86FB242A07A40300416227 /* bricksTests */ = {
			isa = PBXNativeTarget;
			buildConfigurationList = CC86FB322A07A40300416227 /* Build configuration list for PBXNativeTarget "bricksTests" */;
			buildPhases = (
				CC86FB212A07A40300416227 /* Sources */,
				CC86FB222A07A40300416227 /* Frameworks */,
				CC86FB232A07A40300416227 /* Resources */,
			);
			buildRules = (
			);
			dependencies = (
				CC86FB282A07A40300416227 /* PBXTargetDependency */,
			);
			name = bricksTests;
			productName = bricksTests;
			productReference = CC86FB252A07A40300416227 /* bricksTests.xctest */;
			productType = "com.apple.product-type.bundle.unit-test";
		};
/* End PBXNativeTarget section */

/* Begin PBXProject section */
		CC86FB122A07A40300416227 /* Project object */ = {
			isa = PBXProject;
			attributes = {
				BuildIndependentTargetsInParallel = 1;
				LastSwiftUpdateCheck = 1420;
				LastUpgradeCheck = 1420;
				TargetAttributes = {
					CC86FB1A2A07A40300416227 = {
						CreatedOnToolsVersion = 14.2;
					};
					CC86FB242A07A40300416227 = {
						CreatedOnToolsVersion = 14.2;
					};
				};
			};
			buildConfigurationList = CC86FB152A07A40300416227 /* Build configuration list for PBXProject "bricks" */;
			compatibilityVersion = "Xcode 13.0";
			developmentRegion = en;
			hasScannedForEncodings = 0;
			knownRegions = (
				en,
				Base,
			);
			mainGroup = CC86FB112A07A40300416227;
			productRefGroup = CC86FB1C2A07A40300416227 /* Products */;
			projectDirPath = "";
			projectRoot = "";
			targets = (
				CC86FB1A2A07A40300416227 /* bricks */,
				CC86FB242A07A40300416227 /* bricksTests */,
			);
		};
/* End PBXProject section */

/* Begin PBXResourcesBuildPhase section */
		CC86FB192A07A40300416227 /* Resources */ = {
			isa = PBXResourcesBuildPhase;
			buildActionMask = 2147483647;
			files = (
			);
			runOnlyForDeploymentPostprocessing = 0;
		};
		CC86FB232A07A40300416227 /* Resources */ = {
			isa = PBXResourcesBuildPhase;
			buildActionMask = 2147483647;
			files = (
			);
			runOnlyForDeploymentPostprocessing = 0;
		};
/* End PBXResourcesBuildPhase section */

/* Begin PBXSourcesBuildPhase section */
		CC86FB172A07A40300416227 /* Sources */ = {
			isa = PBXSourcesBuildPhase;
			buildActionMask = 2147483647;
			files = (
				CCEFA6EA2A0E5CD300EC7BFA /* NotifyingQuery.swift in Sources */,
				CC86FB382A07A49A00416227 /* Query.swift in Sources */,
				CC5CB3CB2A2E108700DCE080 /* Paginator.swift in Sources */,
				CC7431E32A07CA6B004E0175 /* InMemoryStorage.swift in Sources */,
				CC7431DB2A07B7A9004E0175 /* Converter.swift in Sources */,
				CC7431F72A08E476004E0175 /* TimestampValidationPolicy.swift in Sources */,
				CC7141792A2721A3005DBA5F /* Command.swift in Sources */,
				CC93E1E62A1253FB00003525 /* Synchronizer.swift in Sources */,
				CC7431F32A07EDF4004E0175 /* Fallback.swift in Sources */,
				CC27C1512A3887E600AF020E /* PriorityLoadingItem.swift in Sources */,
				CC7431FB2A09224B004E0175 /* Storage.swift in Sources */,
				CCFD06062A19F24D0069B7A2 /* AnyQuery.swift in Sources */,
				CCFD06C72A21D20F0069B7A2 /* DemultiplyingQuery.swift in Sources */,
				CC7431F12A07E4A8004E0175 /* StoringQuery.swift in Sources */,
				CCEFA6CB2A0A466700EC7BFA /* SynchronousStorageAdapter.swift in Sources */,
				CCFD06042A19F2100069B7A2 /* FailableQuery.swift in Sources */,
				CC86FB202A07A40300416227 /* bricks.docc in Sources */,
				CCEFA6DD2A0DF32A00EC7BFA /* SecondChance.swift in Sources */,
				CC27C1502A3887E600AF020E /* ParallelPriorityLoader.swift in Sources */,
				CC7431F92A08E4A1004E0175 /* ExpiringCache.swift in Sources */,
				CC27C1522A3887E600AF020E /* ParallelPriority.swift in Sources */,
				CCFD06082A19F95E0069B7A2 /* AnyFailableQuery.swift in Sources */,
			);
			runOnlyForDeploymentPostprocessing = 0;
		};
		CC86FB212A07A40300416227 /* Sources */ = {
			isa = PBXSourcesBuildPhase;
			buildActionMask = 2147483647;
			files = (
				CC7431ED2A07E2AB004E0175 /* NSError+Extensions.swift in Sources */,
				CC7431EB2A07E22F004E0175 /* XCTestCase+Extensions.swift in Sources */,
				CC7431E12A07C77B004E0175 /* InMemoryStorageTests.swift in Sources */,
				CCFD06122A1A14200069B7A2 /* DemultiplyerTests.swift in Sources */,
				CCEFA6CE2A0A48C000EC7BFA /* CompositionHelpersTests.swift in Sources */,
				CCEFA6E42A0E478100EC7BFA /* NotifyingQueryTests.swift in Sources */,
				CC71417B2A2723C1005DBA5F /* CommandTests.swift in Sources */,
				CC4771472A28BAA2005AAE39 /* PaginatorTests.swift in Sources */,
				CCEFA6C92A0A3B8A00EC7BFA /* SynchronousStorageAdapter.swift in Sources */,
				CC27C1542A38880A00AF020E /* ParallelPriorityLoaderTests.swift in Sources */,
				CCEFA6DF2A0DF62700EC7BFA /* SecondChanceTests.swift in Sources */,
				CC7431EF2A07E37B004E0175 /* FallbackTests.swift in Sources */,
				CCEFA6EC2A0E68CD00EC7BFA /* SynchronizerTests.swift in Sources */,
				CC7431E52A07CD88004E0175 /* StoringQueryTests.swift in Sources */,
				CC5CB3C92A2E0C4B00DCE080 /* Paginator.swift in Sources */,
				CC86FB2B2A07A40300416227 /* ConverterTests.swift in Sources */,
				CCEFA6DB2A0DF0BA00EC7BFA /* Examples.swift in Sources */,
				CC7431F52A08D9CA004E0175 /* ExpirableCacheTests.swift in Sources */,
			);
			runOnlyForDeploymentPostprocessing = 0;
		};
/* End PBXSourcesBuildPhase section */

/* Begin PBXTargetDependency section */
		CC86FB282A07A40300416227 /* PBXTargetDependency */ = {
			isa = PBXTargetDependency;
			target = CC86FB1A2A07A40300416227 /* bricks */;
			targetProxy = CC86FB272A07A40300416227 /* PBXContainerItemProxy */;
		};
/* End PBXTargetDependency section */

/* Begin XCBuildConfiguration section */
		CC86FB2D2A07A40300416227 /* Debug */ = {
			isa = XCBuildConfiguration;
			buildSettings = {
				ALWAYS_SEARCH_USER_PATHS = NO;
				CLANG_ANALYZER_NONNULL = YES;
				CLANG_ANALYZER_NUMBER_OBJECT_CONVERSION = YES_AGGRESSIVE;
				CLANG_CXX_LANGUAGE_STANDARD = "gnu++20";
				CLANG_ENABLE_MODULES = YES;
				CLANG_ENABLE_OBJC_ARC = YES;
				CLANG_ENABLE_OBJC_WEAK = YES;
				CLANG_WARN_BLOCK_CAPTURE_AUTORELEASING = YES;
				CLANG_WARN_BOOL_CONVERSION = YES;
				CLANG_WARN_COMMA = YES;
				CLANG_WARN_CONSTANT_CONVERSION = YES;
				CLANG_WARN_DEPRECATED_OBJC_IMPLEMENTATIONS = YES;
				CLANG_WARN_DIRECT_OBJC_ISA_USAGE = YES_ERROR;
				CLANG_WARN_DOCUMENTATION_COMMENTS = YES;
				CLANG_WARN_EMPTY_BODY = YES;
				CLANG_WARN_ENUM_CONVERSION = YES;
				CLANG_WARN_INFINITE_RECURSION = YES;
				CLANG_WARN_INT_CONVERSION = YES;
				CLANG_WARN_NON_LITERAL_NULL_CONVERSION = YES;
				CLANG_WARN_OBJC_IMPLICIT_RETAIN_SELF = YES;
				CLANG_WARN_OBJC_LITERAL_CONVERSION = YES;
				CLANG_WARN_OBJC_ROOT_CLASS = YES_ERROR;
				CLANG_WARN_QUOTED_INCLUDE_IN_FRAMEWORK_HEADER = YES;
				CLANG_WARN_RANGE_LOOP_ANALYSIS = YES;
				CLANG_WARN_STRICT_PROTOTYPES = YES;
				CLANG_WARN_SUSPICIOUS_MOVE = YES;
				CLANG_WARN_UNGUARDED_AVAILABILITY = YES_AGGRESSIVE;
				CLANG_WARN_UNREACHABLE_CODE = YES;
				CLANG_WARN__DUPLICATE_METHOD_MATCH = YES;
				COPY_PHASE_STRIP = NO;
				CURRENT_PROJECT_VERSION = 1;
				DEBUG_INFORMATION_FORMAT = dwarf;
				ENABLE_STRICT_OBJC_MSGSEND = YES;
				ENABLE_TESTABILITY = YES;
				GCC_C_LANGUAGE_STANDARD = gnu11;
				GCC_DYNAMIC_NO_PIC = NO;
				GCC_NO_COMMON_BLOCKS = YES;
				GCC_OPTIMIZATION_LEVEL = 0;
				GCC_PREPROCESSOR_DEFINITIONS = (
					"DEBUG=1",
					"$(inherited)",
				);
				GCC_WARN_64_TO_32_BIT_CONVERSION = YES;
				GCC_WARN_ABOUT_RETURN_TYPE = YES_ERROR;
				GCC_WARN_UNDECLARED_SELECTOR = YES;
				GCC_WARN_UNINITIALIZED_AUTOS = YES_AGGRESSIVE;
				GCC_WARN_UNUSED_FUNCTION = YES;
				GCC_WARN_UNUSED_VARIABLE = YES;
				IPHONEOS_DEPLOYMENT_TARGET = 13.0;
				MTL_ENABLE_DEBUG_INFO = INCLUDE_SOURCE;
				MTL_FAST_MATH = YES;
				ONLY_ACTIVE_ARCH = YES;
				SDKROOT = iphoneos;
				SWIFT_ACTIVE_COMPILATION_CONDITIONS = DEBUG;
				SWIFT_OPTIMIZATION_LEVEL = "-Onone";
				VERSIONING_SYSTEM = "apple-generic";
				VERSION_INFO_PREFIX = "";
			};
			name = Debug;
		};
		CC86FB2E2A07A40300416227 /* Release */ = {
			isa = XCBuildConfiguration;
			buildSettings = {
				ALWAYS_SEARCH_USER_PATHS = NO;
				CLANG_ANALYZER_NONNULL = YES;
				CLANG_ANALYZER_NUMBER_OBJECT_CONVERSION = YES_AGGRESSIVE;
				CLANG_CXX_LANGUAGE_STANDARD = "gnu++20";
				CLANG_ENABLE_MODULES = YES;
				CLANG_ENABLE_OBJC_ARC = YES;
				CLANG_ENABLE_OBJC_WEAK = YES;
				CLANG_WARN_BLOCK_CAPTURE_AUTORELEASING = YES;
				CLANG_WARN_BOOL_CONVERSION = YES;
				CLANG_WARN_COMMA = YES;
				CLANG_WARN_CONSTANT_CONVERSION = YES;
				CLANG_WARN_DEPRECATED_OBJC_IMPLEMENTATIONS = YES;
				CLANG_WARN_DIRECT_OBJC_ISA_USAGE = YES_ERROR;
				CLANG_WARN_DOCUMENTATION_COMMENTS = YES;
				CLANG_WARN_EMPTY_BODY = YES;
				CLANG_WARN_ENUM_CONVERSION = YES;
				CLANG_WARN_INFINITE_RECURSION = YES;
				CLANG_WARN_INT_CONVERSION = YES;
				CLANG_WARN_NON_LITERAL_NULL_CONVERSION = YES;
				CLANG_WARN_OBJC_IMPLICIT_RETAIN_SELF = YES;
				CLANG_WARN_OBJC_LITERAL_CONVERSION = YES;
				CLANG_WARN_OBJC_ROOT_CLASS = YES_ERROR;
				CLANG_WARN_QUOTED_INCLUDE_IN_FRAMEWORK_HEADER = YES;
				CLANG_WARN_RANGE_LOOP_ANALYSIS = YES;
				CLANG_WARN_STRICT_PROTOTYPES = YES;
				CLANG_WARN_SUSPICIOUS_MOVE = YES;
				CLANG_WARN_UNGUARDED_AVAILABILITY = YES_AGGRESSIVE;
				CLANG_WARN_UNREACHABLE_CODE = YES;
				CLANG_WARN__DUPLICATE_METHOD_MATCH = YES;
				COPY_PHASE_STRIP = NO;
				CURRENT_PROJECT_VERSION = 1;
				DEBUG_INFORMATION_FORMAT = "dwarf-with-dsym";
				ENABLE_NS_ASSERTIONS = NO;
				ENABLE_STRICT_OBJC_MSGSEND = YES;
				GCC_C_LANGUAGE_STANDARD = gnu11;
				GCC_NO_COMMON_BLOCKS = YES;
				GCC_WARN_64_TO_32_BIT_CONVERSION = YES;
				GCC_WARN_ABOUT_RETURN_TYPE = YES_ERROR;
				GCC_WARN_UNDECLARED_SELECTOR = YES;
				GCC_WARN_UNINITIALIZED_AUTOS = YES_AGGRESSIVE;
				GCC_WARN_UNUSED_FUNCTION = YES;
				GCC_WARN_UNUSED_VARIABLE = YES;
				IPHONEOS_DEPLOYMENT_TARGET = 13.0;
				MTL_ENABLE_DEBUG_INFO = NO;
				MTL_FAST_MATH = YES;
				SDKROOT = iphoneos;
				SWIFT_COMPILATION_MODE = wholemodule;
				SWIFT_OPTIMIZATION_LEVEL = "-O";
				VALIDATE_PRODUCT = YES;
				VERSIONING_SYSTEM = "apple-generic";
				VERSION_INFO_PREFIX = "";
			};
			name = Release;
		};
		CC86FB302A07A40300416227 /* Debug */ = {
			isa = XCBuildConfiguration;
			buildSettings = {
				CODE_SIGN_STYLE = Automatic;
				CURRENT_PROJECT_VERSION = 1.0.3;
				DEFINES_MODULE = YES;
				DEVELOPMENT_TEAM = HKP7SH4B7B;
				DYLIB_COMPATIBILITY_VERSION = 1;
				DYLIB_CURRENT_VERSION = 1;
				DYLIB_INSTALL_NAME_BASE = "@rpath";
				GENERATE_INFOPLIST_FILE = YES;
				INFOPLIST_KEY_NSHumanReadableCopyright = "";
				INSTALL_PATH = "$(LOCAL_LIBRARY_DIR)/Frameworks";
				LD_RUNPATH_SEARCH_PATHS = (
					"$(inherited)",
					"@executable_path/Frameworks",
					"@loader_path/Frameworks",
				);
				MARKETING_VERSION = 1.0.3;
				PRODUCT_BUNDLE_IDENTIFIER = com.aniramskaya.bricks;
				PRODUCT_NAME = "$(TARGET_NAME:c99extidentifier)";
				SKIP_INSTALL = YES;
				SWIFT_EMIT_LOC_STRINGS = YES;
				SWIFT_VERSION = 5.0;
				TARGETED_DEVICE_FAMILY = "1,2";
			};
			name = Debug;
		};
		CC86FB312A07A40300416227 /* Release */ = {
			isa = XCBuildConfiguration;
			buildSettings = {
				CODE_SIGN_STYLE = Automatic;
				CURRENT_PROJECT_VERSION = 1.0.3;
				DEFINES_MODULE = YES;
				DEVELOPMENT_TEAM = HKP7SH4B7B;
				DYLIB_COMPATIBILITY_VERSION = 1;
				DYLIB_CURRENT_VERSION = 1;
				DYLIB_INSTALL_NAME_BASE = "@rpath";
				GENERATE_INFOPLIST_FILE = YES;
				INFOPLIST_KEY_NSHumanReadableCopyright = "";
				INSTALL_PATH = "$(LOCAL_LIBRARY_DIR)/Frameworks";
				LD_RUNPATH_SEARCH_PATHS = (
					"$(inherited)",
					"@executable_path/Frameworks",
					"@loader_path/Frameworks",
				);
				MARKETING_VERSION = 1.0.3;
				PRODUCT_BUNDLE_IDENTIFIER = com.aniramskaya.bricks;
				PRODUCT_NAME = "$(TARGET_NAME:c99extidentifier)";
				SKIP_INSTALL = YES;
				SWIFT_EMIT_LOC_STRINGS = YES;
				SWIFT_VERSION = 5.0;
				TARGETED_DEVICE_FAMILY = "1,2";
			};
			name = Release;
		};
		CC86FB332A07A40300416227 /* Debug */ = {
			isa = XCBuildConfiguration;
			buildSettings = {
				ALWAYS_EMBED_SWIFT_STANDARD_LIBRARIES = YES;
				CODE_SIGN_STYLE = Automatic;
				CURRENT_PROJECT_VERSION = 1;
				DEVELOPMENT_TEAM = HKP7SH4B7B;
				GENERATE_INFOPLIST_FILE = YES;
				MARKETING_VERSION = 1.0;
				PRODUCT_BUNDLE_IDENTIFIER = com.aniramskaya.bricksTests;
				PRODUCT_NAME = "$(TARGET_NAME)";
				SWIFT_EMIT_LOC_STRINGS = NO;
				SWIFT_VERSION = 5.0;
				TARGETED_DEVICE_FAMILY = "1,2";
			};
			name = Debug;
		};
		CC86FB342A07A40300416227 /* Release */ = {
			isa = XCBuildConfiguration;
			buildSettings = {
				ALWAYS_EMBED_SWIFT_STANDARD_LIBRARIES = YES;
				CODE_SIGN_STYLE = Automatic;
				CURRENT_PROJECT_VERSION = 1;
				DEVELOPMENT_TEAM = HKP7SH4B7B;
				GENERATE_INFOPLIST_FILE = YES;
				MARKETING_VERSION = 1.0;
				PRODUCT_BUNDLE_IDENTIFIER = com.aniramskaya.bricksTests;
				PRODUCT_NAME = "$(TARGET_NAME)";
				SWIFT_EMIT_LOC_STRINGS = NO;
				SWIFT_VERSION = 5.0;
				TARGETED_DEVICE_FAMILY = "1,2";
			};
			name = Release;
		};
/* End XCBuildConfiguration section */

/* Begin XCConfigurationList section */
		CC86FB152A07A40300416227 /* Build configuration list for PBXProject "bricks" */ = {
			isa = XCConfigurationList;
			buildConfigurations = (
				CC86FB2D2A07A40300416227 /* Debug */,
				CC86FB2E2A07A40300416227 /* Release */,
			);
			defaultConfigurationIsVisible = 0;
			defaultConfigurationName = Release;
		};
		CC86FB2F2A07A40300416227 /* Build configuration list for PBXNativeTarget "bricks" */ = {
			isa = XCConfigurationList;
			buildConfigurations = (
				CC86FB302A07A40300416227 /* Debug */,
				CC86FB312A07A40300416227 /* Release */,
			);
			defaultConfigurationIsVisible = 0;
			defaultConfigurationName = Release;
		};
		CC86FB322A07A40300416227 /* Build configuration list for PBXNativeTarget "bricksTests" */ = {
			isa = XCConfigurationList;
			buildConfigurations = (
				CC86FB332A07A40300416227 /* Debug */,
				CC86FB342A07A40300416227 /* Release */,
			);
			defaultConfigurationIsVisible = 0;
			defaultConfigurationName = Release;
		};
/* End XCConfigurationList section */
	};
	rootObject = CC86FB122A07A40300416227 /* Project object */;
}
